
Microsoft Visual Studio Solution File, Format Version 12.00
# Visual Studio 15
VisualStudioVersion = 15.0.28010.2003
MinimumVisualStudioVersion = 10.0.40219.1
Project("{FAE04EC0-301F-11D3-BF4B-00C04F79EFBC}") = "Algorithm Practice 3", "Algorithm Practice 3\Algorithm Practice 3.csproj", "{C4C83EDD-32D4-4E95-A276-EBDA9864E385}"
EndProject
Global
	GlobalSection(SolutionConfigurationPlatforms) = preSolution
		Debug|Any CPU = Debug|Any CPU
		Release|Any CPU = Release|Any CPU
	EndGlobalSection
	GlobalSection(ProjectConfigurationPlatforms) = postSolution
		{C4C83EDD-32D4-4E95-A276-EBDA9864E385}.Debug|Any CPU.ActiveCfg = Debug|Any CPU
		{C4C83EDD-32D4-4E95-A276-EBDA9864E385}.Debug|Any CPU.Build.0 = Debug|Any CPU
		{C4C83EDD-32D4-4E95-A276-EBDA9864E385}.Release|Any CPU.ActiveCfg = Release|Any CPU
		{C4C83EDD-32D4-4E95-A276-EBDA9864E385}.Release|Any CPU.Build.0 = Release|Any CPU
	EndGlobalSection
	GlobalSection(SolutionProperties) = preSolution
		HideSolutionNode = FALSE
	EndGlobalSection
	GlobalSection(ExtensibilityGlobals) = postSolution
		SolutionGuid = {968C44E4-10FD-4D5E-9675-DEAAD4EAFE34}
	EndGlobalSection
EndGlobal
