
Microsoft Visual Studio Solution File, Format Version 12.00
# Visual Studio 15
VisualStudioVersion = 15.0.28010.2003
MinimumVisualStudioVersion = 10.0.40219.1
Project("{FAE04EC0-301F-11D3-BF4B-00C04F79EFBC}") = "ConsoleApp2", "ConsoleApp2\ConsoleApp2.csproj", "{2797636C-9513-49E1-A27F-BF96934503ED}"
EndProject
Global
	GlobalSection(SolutionConfigurationPlatforms) = preSolution
		Debug|Any CPU = Debug|Any CPU
		Release|Any CPU = Release|Any CPU
	EndGlobalSection
	GlobalSection(ProjectConfigurationPlatforms) = postSolution
		{2797636C-9513-49E1-A27F-BF96934503ED}.Debug|Any CPU.ActiveCfg = Debug|Any CPU
		{2797636C-9513-49E1-A27F-BF96934503ED}.Debug|Any CPU.Build.0 = Debug|Any CPU
		{2797636C-9513-49E1-A27F-BF96934503ED}.Release|Any CPU.ActiveCfg = Release|Any CPU
		{2797636C-9513-49E1-A27F-BF96934503ED}.Release|Any CPU.Build.0 = Release|Any CPU
	EndGlobalSection
	GlobalSection(SolutionProperties) = preSolution
		HideSolutionNode = FALSE
	EndGlobalSection
	GlobalSection(ExtensibilityGlobals) = postSolution
		SolutionGuid = {D59C7D89-2389-42B7-8C50-C2A8B9BC39D5}
	EndGlobalSection
EndGlobal
