
Microsoft Visual Studio Solution File, Format Version 12.00
# Visual Studio 15
VisualStudioVersion = 15.0.28010.2003
MinimumVisualStudioVersion = 10.0.40219.1
Project("{FAE04EC0-301F-11D3-BF4B-00C04F79EFBC}") = "ConsoleApp6", "ConsoleApp6\ConsoleApp6.csproj", "{1FBBD510-169D-41C1-AD0C-A3A452CBA264}"
EndProject
Global
	GlobalSection(SolutionConfigurationPlatforms) = preSolution
		Debug|Any CPU = Debug|Any CPU
		Release|Any CPU = Release|Any CPU
	EndGlobalSection
	GlobalSection(ProjectConfigurationPlatforms) = postSolution
		{1FBBD510-169D-41C1-AD0C-A3A452CBA264}.Debug|Any CPU.ActiveCfg = Debug|Any CPU
		{1FBBD510-169D-41C1-AD0C-A3A452CBA264}.Debug|Any CPU.Build.0 = Debug|Any CPU
		{1FBBD510-169D-41C1-AD0C-A3A452CBA264}.Release|Any CPU.ActiveCfg = Release|Any CPU
		{1FBBD510-169D-41C1-AD0C-A3A452CBA264}.Release|Any CPU.Build.0 = Release|Any CPU
	EndGlobalSection
	GlobalSection(SolutionProperties) = preSolution
		HideSolutionNode = FALSE
	EndGlobalSection
	GlobalSection(ExtensibilityGlobals) = postSolution
		SolutionGuid = {6B065101-FD3D-4868-B6FC-D7A2415A3CF2}
	EndGlobalSection
EndGlobal
