
Microsoft Visual Studio Solution File, Format Version 12.00
# Visual Studio 15
VisualStudioVersion = 15.0.28010.2003
MinimumVisualStudioVersion = 10.0.40219.1
Project("{FAE04EC0-301F-11D3-BF4B-00C04F79EFBC}") = "Generic Queue", "Generic Queue\Generic Queue.csproj", "{8B7D0394-7EE7-4D4B-AB07-FB96592A5B86}"
EndProject
Global
	GlobalSection(SolutionConfigurationPlatforms) = preSolution
		Debug|Any CPU = Debug|Any CPU
		Release|Any CPU = Release|Any CPU
	EndGlobalSection
	GlobalSection(ProjectConfigurationPlatforms) = postSolution
		{8B7D0394-7EE7-4D4B-AB07-FB96592A5B86}.Debug|Any CPU.ActiveCfg = Debug|Any CPU
		{8B7D0394-7EE7-4D4B-AB07-FB96592A5B86}.Debug|Any CPU.Build.0 = Debug|Any CPU
		{8B7D0394-7EE7-4D4B-AB07-FB96592A5B86}.Release|Any CPU.ActiveCfg = Release|Any CPU
		{8B7D0394-7EE7-4D4B-AB07-FB96592A5B86}.Release|Any CPU.Build.0 = Release|Any CPU
	EndGlobalSection
	GlobalSection(SolutionProperties) = preSolution
		HideSolutionNode = FALSE
	EndGlobalSection
	GlobalSection(ExtensibilityGlobals) = postSolution
		SolutionGuid = {72A20F81-D7B2-4CAE-8E88-1D3AA0A449EA}
	EndGlobalSection
EndGlobal
