
Microsoft Visual Studio Solution File, Format Version 12.00
# Visual Studio 15
VisualStudioVersion = 15.0.28010.2003
MinimumVisualStudioVersion = 10.0.40219.1
Project("{FAE04EC0-301F-11D3-BF4B-00C04F79EFBC}") = "Different sized squares", "Different sized squares\Different sized squares.csproj", "{A443C8E8-292B-481F-86FE-2958CEDD6317}"
EndProject
Global
	GlobalSection(SolutionConfigurationPlatforms) = preSolution
		Debug|Any CPU = Debug|Any CPU
		Release|Any CPU = Release|Any CPU
	EndGlobalSection
	GlobalSection(ProjectConfigurationPlatforms) = postSolution
		{A443C8E8-292B-481F-86FE-2958CEDD6317}.Debug|Any CPU.ActiveCfg = Debug|Any CPU
		{A443C8E8-292B-481F-86FE-2958CEDD6317}.Debug|Any CPU.Build.0 = Debug|Any CPU
		{A443C8E8-292B-481F-86FE-2958CEDD6317}.Release|Any CPU.ActiveCfg = Release|Any CPU
		{A443C8E8-292B-481F-86FE-2958CEDD6317}.Release|Any CPU.Build.0 = Release|Any CPU
	EndGlobalSection
	GlobalSection(SolutionProperties) = preSolution
		HideSolutionNode = FALSE
	EndGlobalSection
	GlobalSection(ExtensibilityGlobals) = postSolution
		SolutionGuid = {1C57EDE5-F627-4AA2-982A-2522C0BA57A8}
	EndGlobalSection
EndGlobal
