
Microsoft Visual Studio Solution File, Format Version 12.00
# Visual Studio 15
VisualStudioVersion = 15.0.28010.2003
MinimumVisualStudioVersion = 10.0.40219.1
Project("{FAE04EC0-301F-11D3-BF4B-00C04F79EFBC}") = "ConsoleApp2", "ConsoleApp2\ConsoleApp2.csproj", "{B5E22D8A-AAC5-4198-8A43-AE08588EF25D}"
EndProject
Global
	GlobalSection(SolutionConfigurationPlatforms) = preSolution
		Debug|Any CPU = Debug|Any CPU
		Release|Any CPU = Release|Any CPU
	EndGlobalSection
	GlobalSection(ProjectConfigurationPlatforms) = postSolution
		{B5E22D8A-AAC5-4198-8A43-AE08588EF25D}.Debug|Any CPU.ActiveCfg = Debug|Any CPU
		{B5E22D8A-AAC5-4198-8A43-AE08588EF25D}.Debug|Any CPU.Build.0 = Debug|Any CPU
		{B5E22D8A-AAC5-4198-8A43-AE08588EF25D}.Release|Any CPU.ActiveCfg = Release|Any CPU
		{B5E22D8A-AAC5-4198-8A43-AE08588EF25D}.Release|Any CPU.Build.0 = Release|Any CPU
	EndGlobalSection
	GlobalSection(SolutionProperties) = preSolution
		HideSolutionNode = FALSE
	EndGlobalSection
	GlobalSection(ExtensibilityGlobals) = postSolution
		SolutionGuid = {9F2817A4-BF4F-48F8-BBCD-77405C40CCB5}
	EndGlobalSection
EndGlobal
